{
    "_readme": [
        "This file locks the dependencies of your project to a known state",
        "Read more about it at http://getcomposer.org/doc/01-basic-usage.md#composer-lock-the-lock-file"
    ],
    "hash": "036d7b72e7956dcb828303ebde03659f",
    "packages": [
        {
            "name": "jmathai/epiphany",
            "version": "dev-master",
            "source": {
                "type": "git",
                "url": "https://github.com/kolarski/epiphany.git",
                "reference": "ce5fbcf28dded0358cbce1b43fa68161f25235f7"
            },
            "dist": {
                "type": "zip",
                "url": "https://api.github.com/repos/kolarski/epiphany/zipball/ce5fbcf28dded0358cbce1b43fa68161f25235f7",
                "reference": "ce5fbcf28dded0358cbce1b43fa68161f25235f7",
                "shasum": ""
            },
            "require": {
                "php": ">=5.2.0"
            },
            "type": "library",
            "autoload": {
                "classmap": [
                    "src"
                ]
            },
            "notification-url": "https://packagist.org/downloads/",
            "time": "2014-01-21 07:58:22"
        }
    ],
    "packages-dev": [

    ],
    "aliases": [

    ],
    "minimum-stability": "stable",
    "stability-flags": {
        "jmathai/epiphany": 20
    },
    "platform": [

    ],
    "platform-dev": [

    ]
}
